
Microsoft Visual Studio Solution File, Format Version 12.00
# Visual Studio Version 17
VisualStudioVersion = 17.11.35303.130
MinimumVisualStudioVersion = 10.0.40219.1
Project("{FAE04EC0-301F-11D3-BF4B-00C04F79EFBC}") = "Week1examples", "Week1examples.csproj", "{007D446F-92A5-4B9E-B9C6-E176B7DEC801}"
EndProject
Global
	GlobalSection(SolutionConfigurationPlatforms) = preSolution
		Debug|Any CPU = Debug|Any CPU
		Release|Any CPU = Release|Any CPU
	EndGlobalSection
	GlobalSection(ProjectConfigurationPlatforms) = postSolution
		{007D446F-92A5-4B9E-B9C6-E176B7DEC801}.Debug|Any CPU.ActiveCfg = Debug|Any CPU
		{007D446F-92A5-4B9E-B9C6-E176B7DEC801}.Debug|Any CPU.Build.0 = Debug|Any CPU
		{007D446F-92A5-4B9E-B9C6-E176B7DEC801}.Release|Any CPU.ActiveCfg = Release|Any CPU
		{007D446F-92A5-4B9E-B9C6-E176B7DEC801}.Release|Any CPU.Build.0 = Release|Any CPU
	EndGlobalSection
	GlobalSection(SolutionProperties) = preSolution
		HideSolutionNode = FALSE
	EndGlobalSection
	GlobalSection(ExtensibilityGlobals) = postSolution
		SolutionGuid = {A5450361-C1EA-4A6E-8266-40D34941CD6D}
	EndGlobalSection
EndGlobal
